
Microsoft Visual Studio Solution File, Format Version 12.00
# Visual Studio 14
VisualStudioVersion = 14.0.25420.1
MinimumVisualStudioVersion = 10.0.40219.1
Project("{8BC9CEB8-8B4A-11D0-8D11-00A0C91BC942}") = "d2dlib", "d2dlib\d2dlib.vcxproj", "{E0A71FCE-69DD-40A6-87FB-2D63AB5D25C9}"
EndProject
Project("{FAE04EC0-301F-11D3-BF4B-00C04F79EFBC}") = "D2DLibExport", "D2DLibExport\D2DLibExport.csproj", "{81DD53D8-FCF0-4384-A931-9370FA8E8E67}"
EndProject
Project("{FAE04EC0-301F-11D3-BF4B-00C04F79EFBC}") = "D2DLibExportWinForm", "D2DLibExportWinForm\D2DLibExportWinForm.csproj", "{40ED2809-ABA2-4655-82DD-E38AD12138BB}"
EndProject
Project("{FAE04EC0-301F-11D3-BF4B-00C04F79EFBC}") = "Examples", "Examples\Examples.csproj", "{D653531B-D30C-4A20-8AE5-D46A6F03E274}"
EndProject
Project("{2150E333-8FDC-42A3-9474-1A3956D46DE8}") = "Solution Items", "Solution Items", "{EF3FC267-D558-4556-8E8E-16BA7C52BDA3}"
	ProjectSection(SolutionItems) = preProject
		..\LICENSE = ..\LICENSE
		..\README.md = ..\README.md
	EndProjectSection
EndProject
Global
	GlobalSection(SolutionConfigurationPlatforms) = preSolution
		Debug|Any CPU = Debug|Any CPU
		Debug|ARM = Debug|ARM
		Debug|Mixed Platforms = Debug|Mixed Platforms
		Debug|Win32 = Debug|Win32
		Debug|x64 = Debug|x64
		Debug|x86 = Debug|x86
		Release|Any CPU = Release|Any CPU
		Release|ARM = Release|ARM
		Release|Mixed Platforms = Release|Mixed Platforms
		Release|Win32 = Release|Win32
		Release|x64 = Release|x64
		Release|x86 = Release|x86
	EndGlobalSection
	GlobalSection(ProjectConfigurationPlatforms) = postSolution
		{E0A71FCE-69DD-40A6-87FB-2D63AB5D25C9}.Debug|Any CPU.ActiveCfg = Debug|Win32
		{E0A71FCE-69DD-40A6-87FB-2D63AB5D25C9}.Debug|ARM.ActiveCfg = Debug|Win32
		{E0A71FCE-69DD-40A6-87FB-2D63AB5D25C9}.Debug|Mixed Platforms.ActiveCfg = Debug|Win32
		{E0A71FCE-69DD-40A6-87FB-2D63AB5D25C9}.Debug|Mixed Platforms.Build.0 = Debug|Win32
		{E0A71FCE-69DD-40A6-87FB-2D63AB5D25C9}.Debug|Mixed Platforms.Deploy.0 = Debug|Win32
		{E0A71FCE-69DD-40A6-87FB-2D63AB5D25C9}.Debug|Win32.ActiveCfg = Debug|Win32
		{E0A71FCE-69DD-40A6-87FB-2D63AB5D25C9}.Debug|Win32.Build.0 = Debug|Win32
		{E0A71FCE-69DD-40A6-87FB-2D63AB5D25C9}.Debug|x64.ActiveCfg = Debug|Win32
		{E0A71FCE-69DD-40A6-87FB-2D63AB5D25C9}.Debug|x86.ActiveCfg = Debug|Win32
		{E0A71FCE-69DD-40A6-87FB-2D63AB5D25C9}.Debug|x86.Build.0 = Debug|Win32
		{E0A71FCE-69DD-40A6-87FB-2D63AB5D25C9}.Release|Any CPU.ActiveCfg = Release|Win32
		{E0A71FCE-69DD-40A6-87FB-2D63AB5D25C9}.Release|ARM.ActiveCfg = Release|Win32
		{E0A71FCE-69DD-40A6-87FB-2D63AB5D25C9}.Release|Mixed Platforms.ActiveCfg = Release|Win32
		{E0A71FCE-69DD-40A6-87FB-2D63AB5D25C9}.Release|Mixed Platforms.Build.0 = Release|Win32
		{E0A71FCE-69DD-40A6-87FB-2D63AB5D25C9}.Release|Win32.ActiveCfg = Release|Win32
		{E0A71FCE-69DD-40A6-87FB-2D63AB5D25C9}.Release|Win32.Build.0 = Release|Win32
		{E0A71FCE-69DD-40A6-87FB-2D63AB5D25C9}.Release|x64.ActiveCfg = Release|Win32
		{E0A71FCE-69DD-40A6-87FB-2D63AB5D25C9}.Release|x86.ActiveCfg = Release|Win32
		{E0A71FCE-69DD-40A6-87FB-2D63AB5D25C9}.Release|x86.Build.0 = Release|Win32
		{81DD53D8-FCF0-4384-A931-9370FA8E8E67}.Debug|Any CPU.ActiveCfg = Debug|Any CPU
		{81DD53D8-FCF0-4384-A931-9370FA8E8E67}.Debug|Any CPU.Build.0 = Debug|Any CPU
		{81DD53D8-FCF0-4384-A931-9370FA8E8E67}.Debug|ARM.ActiveCfg = Debug|Any CPU
		{81DD53D8-FCF0-4384-A931-9370FA8E8E67}.Debug|Mixed Platforms.ActiveCfg = Debug|Any CPU
		{81DD53D8-FCF0-4384-A931-9370FA8E8E67}.Debug|Mixed Platforms.Build.0 = Debug|Any CPU
		{81DD53D8-FCF0-4384-A931-9370FA8E8E67}.Debug|Win32.ActiveCfg = Debug|Any CPU
		{81DD53D8-FCF0-4384-A931-9370FA8E8E67}.Debug|x64.ActiveCfg = Debug|Any CPU
		{81DD53D8-FCF0-4384-A931-9370FA8E8E67}.Debug|x86.ActiveCfg = Debug|x86
		{81DD53D8-FCF0-4384-A931-9370FA8E8E67}.Debug|x86.Build.0 = Debug|x86
		{81DD53D8-FCF0-4384-A931-9370FA8E8E67}.Release|Any CPU.ActiveCfg = Release|Any CPU
		{81DD53D8-FCF0-4384-A931-9370FA8E8E67}.Release|Any CPU.Build.0 = Release|Any CPU
		{81DD53D8-FCF0-4384-A931-9370FA8E8E67}.Release|ARM.ActiveCfg = Release|Any CPU
		{81DD53D8-FCF0-4384-A931-9370FA8E8E67}.Release|Mixed Platforms.ActiveCfg = Release|Any CPU
		{81DD53D8-FCF0-4384-A931-9370FA8E8E67}.Release|Mixed Platforms.Build.0 = Release|Any CPU
		{81DD53D8-FCF0-4384-A931-9370FA8E8E67}.Release|Win32.ActiveCfg = Release|Any CPU
		{81DD53D8-FCF0-4384-A931-9370FA8E8E67}.Release|x64.ActiveCfg = Release|Any CPU
		{81DD53D8-FCF0-4384-A931-9370FA8E8E67}.Release|x86.ActiveCfg = Release|x86
		{81DD53D8-FCF0-4384-A931-9370FA8E8E67}.Release|x86.Build.0 = Release|x86
		{40ED2809-ABA2-4655-82DD-E38AD12138BB}.Debug|Any CPU.ActiveCfg = Debug|Any CPU
		{40ED2809-ABA2-4655-82DD-E38AD12138BB}.Debug|Any CPU.Build.0 = Debug|Any CPU
		{40ED2809-ABA2-4655-82DD-E38AD12138BB}.Debug|ARM.ActiveCfg = Debug|Any CPU
		{40ED2809-ABA2-4655-82DD-E38AD12138BB}.Debug|Mixed Platforms.ActiveCfg = Debug|Any CPU
		{40ED2809-ABA2-4655-82DD-E38AD12138BB}.Debug|Mixed Platforms.Build.0 = Debug|Any CPU
		{40ED2809-ABA2-4655-82DD-E38AD12138BB}.Debug|Win32.ActiveCfg = Debug|Any CPU
		{40ED2809-ABA2-4655-82DD-E38AD12138BB}.Debug|x64.ActiveCfg = Debug|Any CPU
		{40ED2809-ABA2-4655-82DD-E38AD12138BB}.Debug|x86.ActiveCfg = Debug|x86
		{40ED2809-ABA2-4655-82DD-E38AD12138BB}.Debug|x86.Build.0 = Debug|x86
		{40ED2809-ABA2-4655-82DD-E38AD12138BB}.Release|Any CPU.ActiveCfg = Release|Any CPU
		{40ED2809-ABA2-4655-82DD-E38AD12138BB}.Release|Any CPU.Build.0 = Release|Any CPU
		{40ED2809-ABA2-4655-82DD-E38AD12138BB}.Release|ARM.ActiveCfg = Release|Any CPU
		{40ED2809-ABA2-4655-82DD-E38AD12138BB}.Release|Mixed Platforms.ActiveCfg = Release|Any CPU
		{40ED2809-ABA2-4655-82DD-E38AD12138BB}.Release|Mixed Platforms.Build.0 = Release|Any CPU
		{40ED2809-ABA2-4655-82DD-E38AD12138BB}.Release|Win32.ActiveCfg = Release|Any CPU
		{40ED2809-ABA2-4655-82DD-E38AD12138BB}.Release|x64.ActiveCfg = Release|Any CPU
		{40ED2809-ABA2-4655-82DD-E38AD12138BB}.Release|x86.ActiveCfg = Release|x86
		{40ED2809-ABA2-4655-82DD-E38AD12138BB}.Release|x86.Build.0 = Release|x86
		{D653531B-D30C-4A20-8AE5-D46A6F03E274}.Debug|Any CPU.ActiveCfg = Debug|Any CPU
		{D653531B-D30C-4A20-8AE5-D46A6F03E274}.Debug|Any CPU.Build.0 = Debug|Any CPU
		{D653531B-D30C-4A20-8AE5-D46A6F03E274}.Debug|ARM.ActiveCfg = Debug|Any CPU
		{D653531B-D30C-4A20-8AE5-D46A6F03E274}.Debug|ARM.Build.0 = Debug|Any CPU
		{D653531B-D30C-4A20-8AE5-D46A6F03E274}.Debug|Mixed Platforms.ActiveCfg = Debug|Any CPU
		{D653531B-D30C-4A20-8AE5-D46A6F03E274}.Debug|Mixed Platforms.Build.0 = Debug|Any CPU
		{D653531B-D30C-4A20-8AE5-D46A6F03E274}.Debug|Win32.ActiveCfg = Debug|Any CPU
		{D653531B-D30C-4A20-8AE5-D46A6F03E274}.Debug|Win32.Build.0 = Debug|Any CPU
		{D653531B-D30C-4A20-8AE5-D46A6F03E274}.Debug|x64.ActiveCfg = Debug|Any CPU
		{D653531B-D30C-4A20-8AE5-D46A6F03E274}.Debug|x64.Build.0 = Debug|Any CPU
		{D653531B-D30C-4A20-8AE5-D46A6F03E274}.Debug|x86.ActiveCfg = Debug|x86
		{D653531B-D30C-4A20-8AE5-D46A6F03E274}.Debug|x86.Build.0 = Debug|x86
		{D653531B-D30C-4A20-8AE5-D46A6F03E274}.Release|Any CPU.ActiveCfg = Release|Any CPU
		{D653531B-D30C-4A20-8AE5-D46A6F03E274}.Release|Any CPU.Build.0 = Release|Any CPU
		{D653531B-D30C-4A20-8AE5-D46A6F03E274}.Release|ARM.ActiveCfg = Release|Any CPU
		{D653531B-D30C-4A20-8AE5-D46A6F03E274}.Release|ARM.Build.0 = Release|Any CPU
		{D653531B-D30C-4A20-8AE5-D46A6F03E274}.Release|Mixed Platforms.ActiveCfg = Release|Any CPU
		{D653531B-D30C-4A20-8AE5-D46A6F03E274}.Release|Mixed Platforms.Build.0 = Release|Any CPU
		{D653531B-D30C-4A20-8AE5-D46A6F03E274}.Release|Win32.ActiveCfg = Release|Any CPU
		{D653531B-D30C-4A20-8AE5-D46A6F03E274}.Release|Win32.Build.0 = Release|Any CPU
		{D653531B-D30C-4A20-8AE5-D46A6F03E274}.Release|x64.ActiveCfg = Release|Any CPU
		{D653531B-D30C-4A20-8AE5-D46A6F03E274}.Release|x64.Build.0 = Release|Any CPU
		{D653531B-D30C-4A20-8AE5-D46A6F03E274}.Release|x86.ActiveCfg = Release|x86
		{D653531B-D30C-4A20-8AE5-D46A6F03E274}.Release|x86.Build.0 = Release|x86
	EndGlobalSection
	GlobalSection(SolutionProperties) = preSolution
		HideSolutionNode = FALSE
	EndGlobalSection
EndGlobal
